<?xml version="1.0" encoding="utf-8"?>
<Project ToolsVersion="4.0" xmlns="http://schemas.microsoft.com/developer/msbuild/2003">
  <ItemGroup>
    <Filter Include="Archivos de origen">
      <UniqueIdentifier>{4FC737F1-C7A5-4376-A066-2A32D752A2FF}</UniqueIdentifier>
      <Extensions>cpp;c;cc;cxx;c++;cppm;ixx;def;odl;idl;hpj;bat;asm;asmx</Extensions>
    </Filter>
    <Filter Include="Archivos de encabezado">
      <UniqueIdentifier>{93995380-89BD-4b04-88EB-625FBE52EBFB}</UniqueIdentifier>
      <Extensions>h;hh;hpp;hxx;h++;hm;inl;inc;ipp;xsd</Extensions>
    </Filter>
    <Filter Include="Archivos de recursos">
      <UniqueIdentifier>{67DA6AB6-F800-4c08-8B7A-83BB121AAD01}</UniqueIdentifier>
      <Extensions>rc;ico;cur;bmp;dlg;rc2;rct;bin;rgs;gif;jpg;jpeg;jpe;resx;tiff;tif;png;wav;mfcribbon-ms</Extensions>
    </Filter>
    <Filter Include="Archivos de origen\textures">
      <UniqueIdentifier>{fcd6cd8e-3d30-480c-bfcc-b5ada7a3672c}</UniqueIdentifier>
    </Filter>
    <Filter Include="Archivos de origen\shaders">
      <UniqueIdentifier>{741aebb6-9568-4c3c-883f-f89b83071441}</UniqueIdentifier>
    </Filter>
  </ItemGroup>
  <ItemGroup>
    <Image Include="textures\Texture5.png">
      <Filter>Archivos de origen\textures</Filter>
    </Image>
    <Image Include="textures\moustruoComeGalletas.jpg">
      <Filter>Archivos de origen\textures</Filter>
    </Image>
    <Image Include="textures\Kenny.jpg">
      <Filter>Archivos de origen\textures</Filter>
    </Image>
    <Image Include="..\..\..\..\..\Downloads\C3_PREN_34_1LCaster_MLights-20240715\textures\container.jpg">
      <Filter>Archivos de origen\textures</Filter>
    </Image>
    <Image Include="..\..\..\..\..\Downloads\C3_PREN_34_1LCaster_MLights-20240715\textures\container2.png">
      <Filter>Archivos de origen\textures</Filter>
    </Image>
    <Image Include="..\..\..\..\..\Downloads\C3_PREN_34_1LCaster_MLights-20240715\textures\container2_specular.png">
      <Filter>Archivos de origen\textures</Filter>
    </Image>
  </ItemGroup>
  <ItemGroup>
    <None Include="..\..\..\..\..\Downloads\C3_PREN_34_1LCaster_MLights-20240715\shaders\shader_exercise15t5_casters.fs">
      <Filter>Archivos de origen\shaders</Filter>
    </None>
    <None Include="..\..\..\..\..\Downloads\C3_PREN_34_1LCaster_MLights-20240715\shaders\shader_exercise15t5_casters.vs">
      <Filter>Archivos de origen\shaders</Filter>
    </None>
  </ItemGroup>
  <ItemGroup>
    <ClCompile Include="..\..\..\..\..\Downloads\C3_PREN_34_1LCaster_MLights-20240715\C3_Exercise_15_LCaster_Task5.cpp">
      <Filter>Archivos de origen</Filter>
    </ClCompile>
  </ItemGroup>
  <ItemGroup>
    <ClInclude Include="..\OpenGL_Stuff\include\glad\glad.h">
      <Filter>Archivos de origen</Filter>
    </ClInclude>
  </ItemGroup>
</Project>